// !$*UTF8*$!
{
	archiveVersion = 1;
	classes = {
	};
	objectVersion = 46;
	objects = {

/* Begin PBXBuildFile section */
		0338F7821A0D2CFE002177F4 /* main.m in Sources */ = {isa = PBXBuildFile; fileRef = 0338F7811A0D2CFE002177F4 /* main.m */; };
		0338F7851A0D2CFE002177F4 /* AppDelegate.m in Sources */ = {isa = PBXBuildFile; fileRef = 0338F7841A0D2CFE002177F4 /* AppDelegate.m */; };
		0338F7881A0D2CFE002177F4 /* ViewController.m in Sources */ = {isa = PBXBuildFile; fileRef = 0338F7871A0D2CFE002177F4 /* ViewController.m */; };
		0338F78B1A0D2CFE002177F4 /* Main.storyboard in Resources */ = {isa = PBXBuildFile; fileRef = 0338F7891A0D2CFE002177F4 /* Main.storyboard */; };
		0338F78D1A0D2CFE002177F4 /* Images.xcassets in Resources */ = {isa = PBXBuildFile; fileRef = 0338F78C1A0D2CFE002177F4 /* Images.xcassets */; };
		0338F7901A0D2CFE002177F4 /* LaunchScreen.xib in Resources */ = {isa = PBXBuildFile; fileRef = 0338F78E1A0D2CFE002177F4 /* LaunchScreen.xib */; };
		0338F79C1A0D2CFE002177F4 /* gitFormationBisTests.m in Sources */ = {isa = PBXBuildFile; fileRef = 0338F79B1A0D2CFE002177F4 /* gitFormationBisTests.m */; };
/* End PBXBuildFile section */

/* Begin PBXContainerItemProxy section */
		0338F7961A0D2CFE002177F4 /* PBXContainerItemProxy */ = {
			isa = PBXContainerItemProxy;
			containerPortal = 0338F7741A0D2CFD002177F4 /* Project object */;
			proxyType = 1;
			remoteGlobalIDString = 0338F77B1A0D2CFD002177F4;
			remoteInfo = gitFormationBis;
		};
/* End PBXContainerItemProxy section */

/* Begin PBXFileReference section */
		0338F77C1A0D2CFD002177F4 /* gitFormationBis.app */ = {isa = PBXFileReference; explicitFileType = wrapper.application; includeInIndex = 0; path = gitFormationBis.app; sourceTree = BUILT_PRODUCTS_DIR; };
		0338F7801A0D2CFE002177F4 /* Info.plist */ = {isa = PBXFileReference; lastKnownFileType = text.plist.xml; path = Info.plist; sourceTree = "<group>"; };
		0338F7811A0D2CFE002177F4 /* main.m */ = {isa = PBXFileReference; lastKnownFileType = sourcecode.c.objc; path = main.m; sourceTree = "<group>"; };
		0338F7831A0D2CFE002177F4 /* AppDelegate.h */ = {isa = PBXFileReference; lastKnownFileType = sourcecode.c.h; path = AppDelegate.h; sourceTree = "<group>"; };
		0338F7841A0D2CFE002177F4 /* AppDelegate.m */ = {isa = PBXFileReference; lastKnownFileType = sourcecode.c.objc; path = AppDelegate.m; sourceTree = "<group>"; };
		0338F7861A0D2CFE002177F4 /* ViewController.h */ = {isa = PBXFileReference; lastKnownFileType = sourcecode.c.h; path = ViewController.h; sourceTree = "<group>"; };
		0338F7871A0D2CFE002177F4 /* ViewController.m */ = {isa = PBXFileReference; lastKnownFileType = sourcecode.c.objc; path = ViewController.m; sourceTree = "<group>"; };
		0338F78A1A0D2CFE002177F4 /* Base */ = {isa = PBXFileReference; lastKnownFileType = file.storyboard; name = Base; path = Base.lproj/Main.storyboard; sourceTree = "<group>"; };
		0338F78C1A0D2CFE002177F4 /* Images.xcassets */ = {isa = PBXFileReference; lastKnownFileType = folder.assetcatalog; path = Images.xcassets; sourceTree = "<group>"; };
		0338F78F1A0D2CFE002177F4 /* Base */ = {isa = PBXFileReference; lastKnownFileType = file.xib; name = Base; path = Base.lproj/LaunchScreen.xib; sourceTree = "<group>"; };
		0338F7951A0D2CFE002177F4 /* gitFormationBisTests.xctest */ = {isa = PBXFileReference; explicitFileType = wrapper.cfbundle; includeInIndex = 0; path = gitFormationBisTests.xctest; sourceTree = BUILT_PRODUCTS_DIR; };
		0338F79A1A0D2CFE002177F4 /* Info.plist */ = {isa = PBXFileReference; lastKnownFileType = text.plist.xml; path = Info.plist; sourceTree = "<group>"; };
		0338F79B1A0D2CFE002177F4 /* gitFormationBisTests.m */ = {isa = PBXFileReference; lastKnownFileType = sourcecode.c.objc; path = gitFormationBisTests.m; sourceTree = "<group>"; };
/* End PBXFileReference section */

/* Begin PBXFrameworksBuildPhase section */
		0338F7791A0D2CFD002177F4 /* Frameworks */ = {
			isa = PBXFrameworksBuildPhase;
			buildActionMask = 2147483647;
			files = (
			);
			runOnlyForDeploymentPostprocessing = 0;
		};
		0338F7921A0D2CFE002177F4 /* Frameworks */ = {
			isa = PBXFrameworksBuildPhase;
			buildActionMask = 2147483647;
			files = (
			);
			runOnlyForDeploymentPostprocessing = 0;
		};
/* End PBXFrameworksBuildPhase section */

/* Begin PBXGroup section */
		0338F7731A0D2CFD002177F4 = {
			isa = PBXGroup;
			children = (
				0338F77E1A0D2CFD002177F4 /* gitFormationBis */,
				0338F7981A0D2CFE002177F4 /* gitFormationBisTests */,
				0338F77D1A0D2CFD002177F4 /* Products */,
			);
			sourceTree = "<group>";
		};
		0338F77D1A0D2CFD002177F4 /* Products */ = {
			isa = PBXGroup;
			children = (
				0338F77C1A0D2CFD002177F4 /* gitFormationBis.app */,
				0338F7951A0D2CFE002177F4 /* gitFormationBisTests.xctest */,
			);
			name = Products;
			sourceTree = "<group>";
		};
		0338F77E1A0D2CFD002177F4 /* gitFormationBis */ = {
			isa = PBXGroup;
			children = (
				0338F7831A0D2CFE002177F4 /* AppDelegate.h */,
				0338F7841A0D2CFE002177F4 /* AppDelegate.m */,
				0338F7861A0D2CFE002177F4 /* ViewController.h */,
				0338F7871A0D2CFE002177F4 /* ViewController.m */,
				0338F7891A0D2CFE002177F4 /* Main.storyboard */,
				0338F78C1A0D2CFE002177F4 /* Images.xcassets */,
				0338F78E1A0D2CFE002177F4 /* LaunchScreen.xib */,
				0338F77F1A0D2CFD002177F4 /* Supporting Files */,
			);
			path = gitFormationBis;
			sourceTree = "<group>";
		};
		0338F77F1A0D2CFD002177F4 /* Supporting Files */ = {
			isa = PBXGroup;
			children = (
				0338F7801A0D2CFE002177F4 /* Info.plist */,
				0338F7811A0D2CFE002177F4 /* main.m */,
			);
			name = "Supporting Files";
			sourceTree = "<group>";
		};
		0338F7981A0D2CFE002177F4 /* gitFormationBisTests */ = {
			isa = PBXGroup;
			children = (
				0338F79B1A0D2CFE002177F4 /* gitFormationBisTests.m */,
				0338F7991A0D2CFE002177F4 /* Supporting Files */,
			);
			path = gitFormationBisTests;
			sourceTree = "<group>";
		};
		0338F7991A0D2CFE002177F4 /* Supporting Files */ = {
			isa = PBXGroup;
			children = (
				0338F79A1A0D2CFE002177F4 /* Info.plist */,
			);
			name = "Supporting Files";
			sourceTree = "<group>";
		};
/* End PBXGroup section */

/* Begin PBXNativeTarget section */
		0338F77B1A0D2CFD002177F4 /* gitFormationBis */ = {
			isa = PBXNativeTarget;
			buildConfigurationList = 0338F79F1A0D2CFE002177F4 /* Build configuration list for PBXNativeTarget "gitFormationBis" */;
			buildPhases = (
				0338F7781A0D2CFD002177F4 /* Sources */,
				0338F7791A0D2CFD002177F4 /* Frameworks */,
				0338F77A1A0D2CFD002177F4 /* Resources */,
			);
			buildRules = (
			);
			dependencies = (
			);
			name = gitFormationBis;
			productName = gitFormationBis;
			productReference = 0338F77C1A0D2CFD002177F4 /* gitFormationBis.app */;
			productType = "com.apple.product-type.application";
		};
		0338F7941A0D2CFE002177F4 /* gitFormationBisTests */ = {
			isa = PBXNativeTarget;
			buildConfigurationList = 0338F7A21A0D2CFE002177F4 /* Build configuration list for PBXNativeTarget "gitFormationBisTests" */;
			buildPhases = (
				0338F7911A0D2CFE002177F4 /* Sources */,
				0338F7921A0D2CFE002177F4 /* Frameworks */,
				0338F7931A0D2CFE002177F4 /* Resources */,
			);
			buildRules = (
			);
			dependencies = (
				0338F7971A0D2CFE002177F4 /* PBXTargetDependency */,
			);
			name = gitFormationBisTests;
			productName = gitFormationBisTests;
			productReference = 0338F7951A0D2CFE002177F4 /* gitFormationBisTests.xctest */;
			productType = "com.apple.product-type.bundle.unit-test";
		};
/* End PBXNativeTarget section */

/* Begin PBXProject section */
		0338F7741A0D2CFD002177F4 /* Project object */ = {
			isa = PBXProject;
			attributes = {
				LastUpgradeCheck = 0610;
				ORGANIZATIONNAME = ST;
				TargetAttributes = {
					0338F77B1A0D2CFD002177F4 = {
						CreatedOnToolsVersion = 6.1;
					};
					0338F7941A0D2CFE002177F4 = {
						CreatedOnToolsVersion = 6.1;
						TestTargetID = 0338F77B1A0D2CFD002177F4;
					};
				};
			};
			buildConfigurationList = 0338F7771A0D2CFD002177F4 /* Build configuration list for PBXProject "gitFormationBis" */;
			compatibilityVersion = "Xcode 3.2";
			developmentRegion = English;
			hasScannedForEncodings = 0;
			knownRegions = (
				en,
				Base,
			);
			mainGroup = 0338F7731A0D2CFD002177F4;
			productRefGroup = 0338F77D1A0D2CFD002177F4 /* Products */;
			projectDirPath = "";
			projectRoot = "";
			targets = (
				0338F77B1A0D2CFD002177F4 /* gitFormationBis */,
				0338F7941A0D2CFE002177F4 /* gitFormationBisTests */,
			);
		};
/* End PBXProject section */

/* Begin PBXResourcesBuildPhase section */
		0338F77A1A0D2CFD002177F4 /* Resources */ = {
			isa = PBXResourcesBuildPhase;
			buildActionMask = 2147483647;
			files = (
				0338F78B1A0D2CFE002177F4 /* Main.storyboard in Resources */,
				0338F7901A0D2CFE002177F4 /* LaunchScreen.xib in Resources */,
				0338F78D1A0D2CFE002177F4 /* Images.xcassets in Resources */,
			);
			runOnlyForDeploymentPostprocessing = 0;
		};
		0338F7931A0D2CFE002177F4 /* Resources */ = {
			isa = PBXResourcesBuildPhase;
			buildActionMask = 2147483647;
			files = (
			);
			runOnlyForDeploymentPostprocessing = 0;
		};
/* End PBXResourcesBuildPhase section */

/* Begin PBXSourcesBuildPhase section */
		0338F7781A0D2CFD002177F4 /* Sources */ = {
			isa = PBXSourcesBuildPhase;
			buildActionMask = 2147483647;
			files = (
				0338F7881A0D2CFE002177F4 /* ViewController.m in Sources */,
				0338F7851A0D2CFE002177F4 /* AppDelegate.m in Sources */,
				0338F7821A0D2CFE002177F4 /* main.m in Sources */,
			);
			runOnlyForDeploymentPostprocessing = 0;
		};
		0338F7911A0D2CFE002177F4 /* Sources */ = {
			isa = PBXSourcesBuildPhase;
			buildActionMask = 2147483647;
			files = (
				0338F79C1A0D2CFE002177F4 /* gitFormationBisTests.m in Sources */,
			);
			runOnlyForDeploymentPostprocessing = 0;
		};
/* End PBXSourcesBuildPhase section */

/* Begin PBXTargetDependency section */
		0338F7971A0D2CFE002177F4 /* PBXTargetDependency */ = {
			isa = PBXTargetDependency;
			target = 0338F77B1A0D2CFD002177F4 /* gitFormationBis */;
			targetProxy = 0338F7961A0D2CFE002177F4 /* PBXContainerItemProxy */;
		};
/* End PBXTargetDependency section */

/* Begin PBXVariantGroup section */
		0338F7891A0D2CFE002177F4 /* Main.storyboard */ = {
			isa = PBXVariantGroup;
			children = (
				0338F78A1A0D2CFE002177F4 /* Base */,
			);
			name = Main.storyboard;
			sourceTree = "<group>";
		};
		0338F78E1A0D2CFE002177F4 /* LaunchScreen.xib */ = {
			isa = PBXVariantGroup;
			children = (
				0338F78F1A0D2CFE002177F4 /* Base */,
			);
			name = LaunchScreen.xib;
			sourceTree = "<group>";
		};
/* End PBXVariantGroup section */

/* Begin XCBuildConfiguration section */
		0338F79D1A0D2CFE002177F4 /* Debug */ = {
			isa = XCBuildConfiguration;
			buildSettings = {
				ALWAYS_SEARCH_USER_PATHS = NO;
				CLANG_CXX_LANGUAGE_STANDARD = "gnu++0x";
				CLANG_CXX_LIBRARY = "libc++";
				CLANG_ENABLE_MODULES = YES;
				CLANG_ENABLE_OBJC_ARC = YES;
				CLANG_WARN_BOOL_CONVERSION = YES;
				CLANG_WARN_CONSTANT_CONVERSION = YES;
				CLANG_WARN_DIRECT_OBJC_ISA_USAGE = YES_ERROR;
				CLANG_WARN_EMPTY_BODY = YES;
				CLANG_WARN_ENUM_CONVERSION = YES;
				CLANG_WARN_INT_CONVERSION = YES;
				CLANG_WARN_OBJC_ROOT_CLASS = YES_ERROR;
				CLANG_WARN_UNREACHABLE_CODE = YES;
				CLANG_WARN__DUPLICATE_METHOD_MATCH = YES;
				"CODE_SIGN_IDENTITY[sdk=iphoneos*]" = "iPhone Developer";
				COPY_PHASE_STRIP = NO;
				ENABLE_STRICT_OBJC_MSGSEND = YES;
				GCC_C_LANGUAGE_STANDARD = gnu99;
				GCC_DYNAMIC_NO_PIC = NO;
				GCC_OPTIMIZATION_LEVEL = 0;
				GCC_PREPROCESSOR_DEFINITIONS = (
					"DEBUG=1",
					"$(inherited)",
				);
				GCC_SYMBOLS_PRIVATE_EXTERN = NO;
				GCC_WARN_64_TO_32_BIT_CONVERSION = YES;
				GCC_WARN_ABOUT_RETURN_TYPE = YES_ERROR;
				GCC_WARN_UNDECLARED_SELECTOR = YES;
				GCC_WARN_UNINITIALIZED_AUTOS = YES_AGGRESSIVE;
				GCC_WARN_UNUSED_FUNCTION = YES;
				GCC_WARN_UNUSED_VARIABLE = YES;
				IPHONEOS_DEPLOYMENT_TARGET = 8.1;
				MTL_ENABLE_DEBUG_INFO = YES;
				ONLY_ACTIVE_ARCH = YES;
				SDKROOT = iphoneos;
				TARGETED_DEVICE_FAMILY = "1,2";
			};
			name = Debug;
		};
		0338F79E1A0D2CFE002177F4 /* Release */ = {
			isa = XCBuildConfiguration;
			buildSettings = {
				ALWAYS_SEARCH_USER_PATHS = NO;
				CLANG_CXX_LANGUAGE_STANDARD = "gnu++0x";
				CLANG_CXX_LIBRARY = "libc++";
				CLANG_ENABLE_MODULES = YES;
				CLANG_ENABLE_OBJC_ARC = YES;
				CLANG_WARN_BOOL_CONVERSION = YES;
				CLANG_WARN_CONSTANT_CONVERSION = YES;
				CLANG_WARN_DIRECT_OBJC_ISA_USAGE = YES_ERROR;
				CLANG_WARN_EMPTY_BODY = YES;
				CLANG_WARN_ENUM_CONVERSION = YES;
				CLANG_WARN_INT_CONVERSION = YES;
				CLANG_WARN_OBJC_ROOT_CLASS = YES_ERROR;
				CLANG_WARN_UNREACHABLE_CODE = YES;
				CLANG_WARN__DUPLICATE_METHOD_MATCH = YES;
				"CODE_SIGN_IDENTITY[sdk=iphoneos*]" = "iPhone Developer";
				COPY_PHASE_STRIP = YES;
				ENABLE_NS_ASSERTIONS = NO;
				ENABLE_STRICT_OBJC_MSGSEND = YES;
				GCC_C_LANGUAGE_STANDARD = gnu99;
				GCC_WARN_64_TO_32_BIT_CONVERSION = YES;
				GCC_WARN_ABOUT_RETURN_TYPE = YES_ERROR;
				GCC_WARN_UNDECLARED_SELECTOR = YES;
				GCC_WARN_UNINITIALIZED_AUTOS = YES_AGGRESSIVE;
				GCC_WARN_UNUSED_FUNCTION = YES;
				GCC_WARN_UNUSED_VARIABLE = YES;
				IPHONEOS_DEPLOYMENT_TARGET = 8.1;
				MTL_ENABLE_DEBUG_INFO = NO;
				SDKROOT = iphoneos;
				TARGETED_DEVICE_FAMILY = "1,2";
				VALIDATE_PRODUCT = YES;
			};
			name = Release;
		};
		0338F7A01A0D2CFE002177F4 /* Debug */ = {
			isa = XCBuildConfiguration;
			buildSettings = {
				ASSETCATALOG_COMPILER_APPICON_NAME = AppIcon;
				INFOPLIST_FILE = gitFormationBis/Info.plist;
				LD_RUNPATH_SEARCH_PATHS = "$(inherited) @executable_path/Frameworks";
				PRODUCT_NAME = "$(TARGET_NAME)";
			};
			name = Debug;
		};
		0338F7A11A0D2CFE002177F4 /* Release */ = {
			isa = XCBuildConfiguration;
			buildSettings = {
				ASSETCATALOG_COMPILER_APPICON_NAME = AppIcon;
				INFOPLIST_FILE = gitFormationBis/Info.plist;
				LD_RUNPATH_SEARCH_PATHS = "$(inherited) @executable_path/Frameworks";
				PRODUCT_NAME = "$(TARGET_NAME)";
			};
			name = Release;
		};
		0338F7A31A0D2CFE002177F4 /* Debug */ = {
			isa = XCBuildConfiguration;
			buildSettings = {
				BUNDLE_LOADER = "$(TEST_HOST)";
				FRAMEWORK_SEARCH_PATHS = (
					"$(SDKROOT)/Developer/Library/Frameworks",
					"$(inherited)",
				);
				GCC_PREPROCESSOR_DEFINITIONS = (
					"DEBUG=1",
					"$(inherited)",
				);
				INFOPLIST_FILE = gitFormationBisTests/Info.plist;
				LD_RUNPATH_SEARCH_PATHS = "$(inherited) @executable_path/Frameworks @loader_path/Frameworks";
				PRODUCT_NAME = "$(TARGET_NAME)";
				TEST_HOST = "$(BUILT_PRODUCTS_DIR)/gitFormationBis.app/gitFormationBis";
			};
			name = Debug;
		};
		0338F7A41A0D2CFE002177F4 /* Release */ = {
			isa = XCBuildConfiguration;
			buildSettings = {
				BUNDLE_LOADER = "$(TEST_HOST)";
				FRAMEWORK_SEARCH_PATHS = (
					"$(SDKROOT)/Developer/Library/Frameworks",
					"$(inherited)",
				);
				INFOPLIST_FILE = gitFormationBisTests/Info.plist;
				LD_RUNPATH_SEARCH_PATHS = "$(inherited) @executable_path/Frameworks @loader_path/Frameworks";
				PRODUCT_NAME = "$(TARGET_NAME)";
				TEST_HOST = "$(BUILT_PRODUCTS_DIR)/gitFormationBis.app/gitFormationBis";
			};
			name = Release;
		};
/* End XCBuildConfiguration section */

/* Begin XCConfigurationList section */
		0338F7771A0D2CFD002177F4 /* Build configuration list for PBXProject "gitFormationBis" */ = {
			isa = XCConfigurationList;
			buildConfigurations = (
				0338F79D1A0D2CFE002177F4 /* Debug */,
				0338F79E1A0D2CFE002177F4 /* Release */,
			);
			defaultConfigurationIsVisible = 0;
			defaultConfigurationName = Release;
		};
		0338F79F1A0D2CFE002177F4 /* Build configuration list for PBXNativeTarget "gitFormationBis" */ = {
			isa = XCConfigurationList;
			buildConfigurations = (
				0338F7A01A0D2CFE002177F4 /* Debug */,
				0338F7A11A0D2CFE002177F4 /* Release */,
			);
			defaultConfigurationIsVisible = 0;
		};
		0338F7A21A0D2CFE002177F4 /* Build configuration list for PBXNativeTarget "gitFormationBisTests" */ = {
			isa = XCConfigurationList;
			buildConfigurations = (
				0338F7A31A0D2CFE002177F4 /* Debug */,
				0338F7A41A0D2CFE002177F4 /* Release */,
			);
			defaultConfigurationIsVisible = 0;
		};
/* End XCConfigurationList section */
	};
	rootObject = 0338F7741A0D2CFD002177F4 /* Project object */;
}
